// !$*UTF8*$!
{
	archiveVersion = 1;
	classes = {
	};
	objectVersion = 50;
	objects = {

/* Begin PBXBuildFile section */
		53E8BC64117110FCA1FE394B /* Pods_d_lvovich.framework in Frameworks */ = {isa = PBXBuildFile; fileRef = EDBA580343A975C4157C7ADE /* Pods_d_lvovich.framework */; };
		781E9765562B669AABD94FB4 /* Pods_d_lvovichUITests.framework in Frameworks */ = {isa = PBXBuildFile; fileRef = 750C014A002D64C0141201A8 /* Pods_d_lvovichUITests.framework */; };
		92468D6C20E983DB00593F5A /* AppDelegate.swift in Sources */ = {isa = PBXBuildFile; fileRef = 92468D6B20E983DB00593F5A /* AppDelegate.swift */; };
		92468D7320E983E000593F5A /* Assets.xcassets in Resources */ = {isa = PBXBuildFile; fileRef = 92468D7220E983E000593F5A /* Assets.xcassets */; };
		92468D7620E983E000593F5A /* LaunchScreen.storyboard in Resources */ = {isa = PBXBuildFile; fileRef = 92468D7420E983E000593F5A /* LaunchScreen.storyboard */; };
		92468D8120E983E000593F5A /* d_lvovichTests.swift in Sources */ = {isa = PBXBuildFile; fileRef = 92468D8020E983E000593F5A /* d_lvovichTests.swift */; };
		92468D8C20E983E000593F5A /* d_lvovichUITests.swift in Sources */ = {isa = PBXBuildFile; fileRef = 92468D8B20E983E000593F5A /* d_lvovichUITests.swift */; };
		9265422020F4239000989B3A /* ProfileRequestFactory.swift in Sources */ = {isa = PBXBuildFile; fileRef = 9265421F20F4239000989B3A /* ProfileRequestFactory.swift */; };
		9265A50620EE5A3C005813C9 /* AbstractErrorParser.swift in Sources */ = {isa = PBXBuildFile; fileRef = 9265A50520EE5A3C005813C9 /* AbstractErrorParser.swift */; };
		9265A50920EE5AAF005813C9 /* ErrorParser.swift in Sources */ = {isa = PBXBuildFile; fileRef = 9265A50820EE5AAF005813C9 /* ErrorParser.swift */; };
		927F7F7020EEB7B900EBB129 /* AuthRequestFactory.swift in Sources */ = {isa = PBXBuildFile; fileRef = 927F7F6F20EEB7B900EBB129 /* AuthRequestFactory.swift */; };
		927F7F7320EEB83100EBB129 /* Auth.swift in Sources */ = {isa = PBXBuildFile; fileRef = 927F7F7220EEB83100EBB129 /* Auth.swift */; };
		927F7F7520EEB8A800EBB129 /* RequestFactory.swift in Sources */ = {isa = PBXBuildFile; fileRef = 927F7F7420EEB8A800EBB129 /* RequestFactory.swift */; };
		92C0566520EE671B006D48ED /* DataRequest.swift in Sources */ = {isa = PBXBuildFile; fileRef = 92C0566420EE671B006D48ED /* DataRequest.swift */; };
		92C0566720EE6B35006D48ED /* AbstractRequestFactory.swift in Sources */ = {isa = PBXBuildFile; fileRef = 92C0566620EE6B35006D48ED /* AbstractRequestFactory.swift */; };
		92C0566920EE6BF7006D48ED /* RequestRouter.swift in Sources */ = {isa = PBXBuildFile; fileRef = 92C0566820EE6BF7006D48ED /* RequestRouter.swift */; };
		92C0566D20EE6D8D006D48ED /* LoginResult + User.swift in Sources */ = {isa = PBXBuildFile; fileRef = 92C0566C20EE6D8D006D48ED /* LoginResult + User.swift */; };
		92C0566F20EF7741006D48ED /* ProfileData.swift in Sources */ = {isa = PBXBuildFile; fileRef = 92C0566E20EF7741006D48ED /* ProfileData.swift */; };
		92C0567120EFA7BB006D48ED /* RegResult + UserProfile.swift in Sources */ = {isa = PBXBuildFile; fileRef = 92C0567020EFA7BB006D48ED /* RegResult + UserProfile.swift */; };
		92C0567320EFAA89006D48ED /* RequestResult.swift in Sources */ = {isa = PBXBuildFile; fileRef = 92C0567220EFAA89006D48ED /* RequestResult.swift */; };
		92F739FD20F39ABB0043CCAF /* BaseConfig.swift in Sources */ = {isa = PBXBuildFile; fileRef = 92F739FC20F39ABB0043CCAF /* BaseConfig.swift */; };
		BE04C36E920C5FB8CFE54B4C /* Pods_d_lvovichTests.framework in Frameworks */ = {isa = PBXBuildFile; fileRef = 8690F32F43DE7A9B40B84EF9 /* Pods_d_lvovichTests.framework */; };
/* End PBXBuildFile section */

/* Begin PBXContainerItemProxy section */
		92468D7D20E983E000593F5A /* PBXContainerItemProxy */ = {
			isa = PBXContainerItemProxy;
			containerPortal = 92468D6020E983DA00593F5A /* Project object */;
			proxyType = 1;
			remoteGlobalIDString = 92468D6720E983DA00593F5A;
			remoteInfo = d.lvovich;
		};
		92468D8820E983E000593F5A /* PBXContainerItemProxy */ = {
			isa = PBXContainerItemProxy;
			containerPortal = 92468D6020E983DA00593F5A /* Project object */;
			proxyType = 1;
			remoteGlobalIDString = 92468D6720E983DA00593F5A;
			remoteInfo = d.lvovich;
		};
/* End PBXContainerItemProxy section */

/* Begin PBXFileReference section */
		03AC0C169CF70B21CB502084 /* Pods-d.lvovich.release.xcconfig */ = {isa = PBXFileReference; includeInIndex = 1; lastKnownFileType = text.xcconfig; name = "Pods-d.lvovich.release.xcconfig"; path = "Pods/Target Support Files/Pods-d.lvovich/Pods-d.lvovich.release.xcconfig"; sourceTree = "<group>"; };
		047C23F9F741C3DF57A01CB2 /* Pods-d.lvovichUITests.debug.xcconfig */ = {isa = PBXFileReference; includeInIndex = 1; lastKnownFileType = text.xcconfig; name = "Pods-d.lvovichUITests.debug.xcconfig"; path = "Pods/Target Support Files/Pods-d.lvovichUITests/Pods-d.lvovichUITests.debug.xcconfig"; sourceTree = "<group>"; };
		658045AC85EC8C9645995DAC /* Pods-d.lvovichTests.release.xcconfig */ = {isa = PBXFileReference; includeInIndex = 1; lastKnownFileType = text.xcconfig; name = "Pods-d.lvovichTests.release.xcconfig"; path = "Pods/Target Support Files/Pods-d.lvovichTests/Pods-d.lvovichTests.release.xcconfig"; sourceTree = "<group>"; };
		70CBD5F1587773C11277C0B5 /* Pods-d.lvovich.debug.xcconfig */ = {isa = PBXFileReference; includeInIndex = 1; lastKnownFileType = text.xcconfig; name = "Pods-d.lvovich.debug.xcconfig"; path = "Pods/Target Support Files/Pods-d.lvovich/Pods-d.lvovich.debug.xcconfig"; sourceTree = "<group>"; };
		750C014A002D64C0141201A8 /* Pods_d_lvovichUITests.framework */ = {isa = PBXFileReference; explicitFileType = wrapper.framework; includeInIndex = 0; path = Pods_d_lvovichUITests.framework; sourceTree = BUILT_PRODUCTS_DIR; };
		8690F32F43DE7A9B40B84EF9 /* Pods_d_lvovichTests.framework */ = {isa = PBXFileReference; explicitFileType = wrapper.framework; includeInIndex = 0; path = Pods_d_lvovichTests.framework; sourceTree = BUILT_PRODUCTS_DIR; };
		8C0BF4ED88BD6724E4D1259E /* Pods-d.lvovichTests.debug.xcconfig */ = {isa = PBXFileReference; includeInIndex = 1; lastKnownFileType = text.xcconfig; name = "Pods-d.lvovichTests.debug.xcconfig"; path = "Pods/Target Support Files/Pods-d.lvovichTests/Pods-d.lvovichTests.debug.xcconfig"; sourceTree = "<group>"; };
		92468D6820E983DA00593F5A /* d.lvovich.app */ = {isa = PBXFileReference; explicitFileType = wrapper.application; includeInIndex = 0; path = d.lvovich.app; sourceTree = BUILT_PRODUCTS_DIR; };
		92468D6B20E983DB00593F5A /* AppDelegate.swift */ = {isa = PBXFileReference; lastKnownFileType = sourcecode.swift; path = AppDelegate.swift; sourceTree = "<group>"; };
		92468D7220E983E000593F5A /* Assets.xcassets */ = {isa = PBXFileReference; lastKnownFileType = folder.assetcatalog; path = Assets.xcassets; sourceTree = "<group>"; };
		92468D7520E983E000593F5A /* Base */ = {isa = PBXFileReference; lastKnownFileType = file.storyboard; name = Base; path = Base.lproj/LaunchScreen.storyboard; sourceTree = "<group>"; };
		92468D7720E983E000593F5A /* Info.plist */ = {isa = PBXFileReference; lastKnownFileType = text.plist.xml; path = Info.plist; sourceTree = "<group>"; };
		92468D7C20E983E000593F5A /* d.lvovichTests.xctest */ = {isa = PBXFileReference; explicitFileType = wrapper.cfbundle; includeInIndex = 0; path = d.lvovichTests.xctest; sourceTree = BUILT_PRODUCTS_DIR; };
		92468D8020E983E000593F5A /* d_lvovichTests.swift */ = {isa = PBXFileReference; lastKnownFileType = sourcecode.swift; path = d_lvovichTests.swift; sourceTree = "<group>"; };
		92468D8220E983E000593F5A /* Info.plist */ = {isa = PBXFileReference; lastKnownFileType = text.plist.xml; path = Info.plist; sourceTree = "<group>"; };
		92468D8720E983E000593F5A /* d.lvovichUITests.xctest */ = {isa = PBXFileReference; explicitFileType = wrapper.cfbundle; includeInIndex = 0; path = d.lvovichUITests.xctest; sourceTree = BUILT_PRODUCTS_DIR; };
		92468D8B20E983E000593F5A /* d_lvovichUITests.swift */ = {isa = PBXFileReference; lastKnownFileType = sourcecode.swift; path = d_lvovichUITests.swift; sourceTree = "<group>"; };
		92468D8D20E983E000593F5A /* Info.plist */ = {isa = PBXFileReference; lastKnownFileType = text.plist.xml; path = Info.plist; sourceTree = "<group>"; };
		9265421F20F4239000989B3A /* ProfileRequestFactory.swift */ = {isa = PBXFileReference; lastKnownFileType = sourcecode.swift; path = ProfileRequestFactory.swift; sourceTree = "<group>"; };
		9265A50520EE5A3C005813C9 /* AbstractErrorParser.swift */ = {isa = PBXFileReference; lastKnownFileType = sourcecode.swift; path = AbstractErrorParser.swift; sourceTree = "<group>"; };
		9265A50820EE5AAF005813C9 /* ErrorParser.swift */ = {isa = PBXFileReference; lastKnownFileType = sourcecode.swift; path = ErrorParser.swift; sourceTree = "<group>"; };
		927F7F6F20EEB7B900EBB129 /* AuthRequestFactory.swift */ = {isa = PBXFileReference; lastKnownFileType = sourcecode.swift; path = AuthRequestFactory.swift; sourceTree = "<group>"; };
		927F7F7220EEB83100EBB129 /* Auth.swift */ = {isa = PBXFileReference; lastKnownFileType = sourcecode.swift; path = Auth.swift; sourceTree = "<group>"; };
		927F7F7420EEB8A800EBB129 /* RequestFactory.swift */ = {isa = PBXFileReference; lastKnownFileType = sourcecode.swift; path = RequestFactory.swift; sourceTree = "<group>"; };
		92C0566420EE671B006D48ED /* DataRequest.swift */ = {isa = PBXFileReference; lastKnownFileType = sourcecode.swift; path = DataRequest.swift; sourceTree = "<group>"; };
		92C0566620EE6B35006D48ED /* AbstractRequestFactory.swift */ = {isa = PBXFileReference; lastKnownFileType = sourcecode.swift; path = AbstractRequestFactory.swift; sourceTree = "<group>"; };
		92C0566820EE6BF7006D48ED /* RequestRouter.swift */ = {isa = PBXFileReference; lastKnownFileType = sourcecode.swift; path = RequestRouter.swift; sourceTree = "<group>"; };
		92C0566C20EE6D8D006D48ED /* LoginResult + User.swift */ = {isa = PBXFileReference; lastKnownFileType = sourcecode.swift; path = "LoginResult + User.swift"; sourceTree = "<group>"; };
		92C0566E20EF7741006D48ED /* ProfileData.swift */ = {isa = PBXFileReference; lastKnownFileType = sourcecode.swift; path = ProfileData.swift; sourceTree = "<group>"; };
		92C0567020EFA7BB006D48ED /* RegResult + UserProfile.swift */ = {isa = PBXFileReference; lastKnownFileType = sourcecode.swift; path = "RegResult + UserProfile.swift"; sourceTree = "<group>"; };
		92C0567220EFAA89006D48ED /* RequestResult.swift */ = {isa = PBXFileReference; lastKnownFileType = sourcecode.swift; path = RequestResult.swift; sourceTree = "<group>"; };
		92F739FC20F39ABB0043CCAF /* BaseConfig.swift */ = {isa = PBXFileReference; lastKnownFileType = sourcecode.swift; path = BaseConfig.swift; sourceTree = "<group>"; };
		EDBA580343A975C4157C7ADE /* Pods_d_lvovich.framework */ = {isa = PBXFileReference; explicitFileType = wrapper.framework; includeInIndex = 0; path = Pods_d_lvovich.framework; sourceTree = BUILT_PRODUCTS_DIR; };
		F593522C946B63185A16E4B6 /* Pods-d.lvovichUITests.release.xcconfig */ = {isa = PBXFileReference; includeInIndex = 1; lastKnownFileType = text.xcconfig; name = "Pods-d.lvovichUITests.release.xcconfig"; path = "Pods/Target Support Files/Pods-d.lvovichUITests/Pods-d.lvovichUITests.release.xcconfig"; sourceTree = "<group>"; };
/* End PBXFileReference section */

/* Begin PBXFrameworksBuildPhase section */
		92468D6520E983DA00593F5A /* Frameworks */ = {
			isa = PBXFrameworksBuildPhase;
			buildActionMask = 2147483647;
			files = (
				53E8BC64117110FCA1FE394B /* Pods_d_lvovich.framework in Frameworks */,
			);
			runOnlyForDeploymentPostprocessing = 0;
		};
		92468D7920E983E000593F5A /* Frameworks */ = {
			isa = PBXFrameworksBuildPhase;
			buildActionMask = 2147483647;
			files = (
				BE04C36E920C5FB8CFE54B4C /* Pods_d_lvovichTests.framework in Frameworks */,
			);
			runOnlyForDeploymentPostprocessing = 0;
		};
		92468D8420E983E000593F5A /* Frameworks */ = {
			isa = PBXFrameworksBuildPhase;
			buildActionMask = 2147483647;
			files = (
				781E9765562B669AABD94FB4 /* Pods_d_lvovichUITests.framework in Frameworks */,
			);
			runOnlyForDeploymentPostprocessing = 0;
		};
/* End PBXFrameworksBuildPhase section */

/* Begin PBXGroup section */
		62215323934E1D75FDD99C6A /* Frameworks */ = {
			isa = PBXGroup;
			children = (
				EDBA580343A975C4157C7ADE /* Pods_d_lvovich.framework */,
				8690F32F43DE7A9B40B84EF9 /* Pods_d_lvovichTests.framework */,
				750C014A002D64C0141201A8 /* Pods_d_lvovichUITests.framework */,
			);
			name = Frameworks;
			sourceTree = "<group>";
		};
		92468D5F20E983DA00593F5A = {
			isa = PBXGroup;
			children = (
				92468D6A20E983DA00593F5A /* d.lvovich */,
				92468D7F20E983E000593F5A /* d.lvovichTests */,
				92468D8A20E983E000593F5A /* d.lvovichUITests */,
				92468D6920E983DA00593F5A /* Products */,
				C1A453940DD1E3A97B8B8FDE /* Pods */,
				62215323934E1D75FDD99C6A /* Frameworks */,
			);
			sourceTree = "<group>";
		};
		92468D6920E983DA00593F5A /* Products */ = {
			isa = PBXGroup;
			children = (
				92468D6820E983DA00593F5A /* d.lvovich.app */,
				92468D7C20E983E000593F5A /* d.lvovichTests.xctest */,
				92468D8720E983E000593F5A /* d.lvovichUITests.xctest */,
			);
			name = Products;
			sourceTree = "<group>";
		};
		92468D6A20E983DA00593F5A /* d.lvovich */ = {
			isa = PBXGroup;
			children = (
				92468D9920E988DF00593F5A /* App */,
				92468D9D20E9898F00593F5A /* Flows */,
				92468D9E20E989B700593F5A /* Core */,
				92468D9F20E989D700593F5A /* Resources */,
				92468DA020E989FC00593F5A /* Environments */,
			);
			path = d.lvovich;
			sourceTree = "<group>";
		};
		92468D7F20E983E000593F5A /* d.lvovichTests */ = {
			isa = PBXGroup;
			children = (
				92468D8020E983E000593F5A /* d_lvovichTests.swift */,
				92468D8220E983E000593F5A /* Info.plist */,
			);
			path = d.lvovichTests;
			sourceTree = "<group>";
		};
		92468D8A20E983E000593F5A /* d.lvovichUITests */ = {
			isa = PBXGroup;
			children = (
				92468D8B20E983E000593F5A /* d_lvovichUITests.swift */,
				92468D8D20E983E000593F5A /* Info.plist */,
			);
			path = d.lvovichUITests;
			sourceTree = "<group>";
		};
		92468D9920E988DF00593F5A /* App */ = {
			isa = PBXGroup;
			children = (
				92468D6B20E983DB00593F5A /* AppDelegate.swift */,
				92468D9A20E988FF00593F5A /* BusinessLogic */,
				92468D9B20E9891700593F5A /* Entity */,
				92468D9C20E9893400593F5A /* Assembly */,
			);
			path = App;
			sourceTree = "<group>";
		};
		92468D9A20E988FF00593F5A /* BusinessLogic */ = {
			isa = PBXGroup;
			children = (
				927F7F7120EEB7E300EBB129 /* Network */,
			);
			path = BusinessLogic;
			sourceTree = "<group>";
		};
		92468D9B20E9891700593F5A /* Entity */ = {
			isa = PBXGroup;
			children = (
				92C0566C20EE6D8D006D48ED /* LoginResult + User.swift */,
				92C0567020EFA7BB006D48ED /* RegResult + UserProfile.swift */,
				92C0567220EFAA89006D48ED /* RequestResult.swift */,
			);
			path = Entity;
			sourceTree = "<group>";
		};
		92468D9C20E9893400593F5A /* Assembly */ = {
			isa = PBXGroup;
			children = (
				927F7F7420EEB8A800EBB129 /* RequestFactory.swift */,
			);
			path = Assembly;
			sourceTree = "<group>";
		};
		92468D9D20E9898F00593F5A /* Flows */ = {
			isa = PBXGroup;
			children = (
			);
			path = Flows;
			sourceTree = "<group>";
		};
		92468D9E20E989B700593F5A /* Core */ = {
			isa = PBXGroup;
			children = (
				9265A50720EE5A42005813C9 /* Network */,
			);
			path = Core;
			sourceTree = "<group>";
		};
		92468D9F20E989D700593F5A /* Resources */ = {
			isa = PBXGroup;
			children = (
				92468D7420E983E000593F5A /* LaunchScreen.storyboard */,
				92468D7220E983E000593F5A /* Assets.xcassets */,
			);
			path = Resources;
			sourceTree = "<group>";
		};
		92468DA020E989FC00593F5A /* Environments */ = {
			isa = PBXGroup;
			children = (
				92468D7720E983E000593F5A /* Info.plist */,
			);
			path = Environments;
			sourceTree = "<group>";
		};
		9265A50720EE5A42005813C9 /* Network */ = {
			isa = PBXGroup;
			children = (
				9265A50520EE5A3C005813C9 /* AbstractErrorParser.swift */,
				9265A50820EE5AAF005813C9 /* ErrorParser.swift */,
				92C0566420EE671B006D48ED /* DataRequest.swift */,
				92C0566620EE6B35006D48ED /* AbstractRequestFactory.swift */,
				92C0566820EE6BF7006D48ED /* RequestRouter.swift */,
			);
			path = Network;
			sourceTree = "<group>";
		};
		927F7F7120EEB7E300EBB129 /* Network */ = {
			isa = PBXGroup;
			children = (
				927F7F6F20EEB7B900EBB129 /* AuthRequestFactory.swift */,
				9265421F20F4239000989B3A /* ProfileRequestFactory.swift */,
				927F7F7220EEB83100EBB129 /* Auth.swift */,
				92C0566E20EF7741006D48ED /* ProfileData.swift */,
				92F739FC20F39ABB0043CCAF /* BaseConfig.swift */,
			);
			path = Network;
			sourceTree = "<group>";
		};
		C1A453940DD1E3A97B8B8FDE /* Pods */ = {
			isa = PBXGroup;
			children = (
				70CBD5F1587773C11277C0B5 /* Pods-d.lvovich.debug.xcconfig */,
				03AC0C169CF70B21CB502084 /* Pods-d.lvovich.release.xcconfig */,
				8C0BF4ED88BD6724E4D1259E /* Pods-d.lvovichTests.debug.xcconfig */,
				658045AC85EC8C9645995DAC /* Pods-d.lvovichTests.release.xcconfig */,
				047C23F9F741C3DF57A01CB2 /* Pods-d.lvovichUITests.debug.xcconfig */,
				F593522C946B63185A16E4B6 /* Pods-d.lvovichUITests.release.xcconfig */,
			);
			name = Pods;
			sourceTree = "<group>";
		};
/* End PBXGroup section */

/* Begin PBXNativeTarget section */
		92468D6720E983DA00593F5A /* d.lvovich */ = {
			isa = PBXNativeTarget;
			buildConfigurationList = 92468D9020E983E000593F5A /* Build configuration list for PBXNativeTarget "d.lvovich" */;
			buildPhases = (
				35C68D8A4E53ADAFBE9B178C /* [CP] Check Pods Manifest.lock */,
				92468D6420E983DA00593F5A /* Sources */,
				92468D6520E983DA00593F5A /* Frameworks */,
				92468D6620E983DA00593F5A /* Resources */,
				92FB356E20EBE8AD00D66C2D /* ShellScript */,
				A0F5DFC70149BEB11746D543 /* [CP] Embed Pods Frameworks */,
			);
			buildRules = (
			);
			dependencies = (
			);
			name = d.lvovich;
			productName = d.lvovich;
			productReference = 92468D6820E983DA00593F5A /* d.lvovich.app */;
			productType = "com.apple.product-type.application";
		};
		92468D7B20E983E000593F5A /* d.lvovichTests */ = {
			isa = PBXNativeTarget;
			buildConfigurationList = 92468D9320E983E000593F5A /* Build configuration list for PBXNativeTarget "d.lvovichTests" */;
			buildPhases = (
				EC7F5C049A04EA2D4E1324FA /* [CP] Check Pods Manifest.lock */,
				92468D7820E983E000593F5A /* Sources */,
				92468D7920E983E000593F5A /* Frameworks */,
				92468D7A20E983E000593F5A /* Resources */,
				E38FF2D04DB52C6131ADE590 /* [CP] Embed Pods Frameworks */,
			);
			buildRules = (
			);
			dependencies = (
				92468D7E20E983E000593F5A /* PBXTargetDependency */,
			);
			name = d.lvovichTests;
			productName = d.lvovichTests;
			productReference = 92468D7C20E983E000593F5A /* d.lvovichTests.xctest */;
			productType = "com.apple.product-type.bundle.unit-test";
		};
		92468D8620E983E000593F5A /* d.lvovichUITests */ = {
			isa = PBXNativeTarget;
			buildConfigurationList = 92468D9620E983E000593F5A /* Build configuration list for PBXNativeTarget "d.lvovichUITests" */;
			buildPhases = (
				E47E815FE29AB1877A650E4E /* [CP] Check Pods Manifest.lock */,
				92468D8320E983E000593F5A /* Sources */,
				92468D8420E983E000593F5A /* Frameworks */,
				92468D8520E983E000593F5A /* Resources */,
				D9344E2E4DE0CC77B6A7C0EC /* [CP] Embed Pods Frameworks */,
			);
			buildRules = (
			);
			dependencies = (
				92468D8920E983E000593F5A /* PBXTargetDependency */,
			);
			name = d.lvovichUITests;
			productName = d.lvovichUITests;
			productReference = 92468D8720E983E000593F5A /* d.lvovichUITests.xctest */;
			productType = "com.apple.product-type.bundle.ui-testing";
		};
/* End PBXNativeTarget section */

/* Begin PBXProject section */
		92468D6020E983DA00593F5A /* Project object */ = {
			isa = PBXProject;
			attributes = {
				LastSwiftUpdateCheck = 0940;
				LastUpgradeCheck = 0940;
				ORGANIZATIONNAME = "Денис Львович";
				TargetAttributes = {
					92468D6720E983DA00593F5A = {
						CreatedOnToolsVersion = 9.4.1;
					};
					92468D7B20E983E000593F5A = {
						CreatedOnToolsVersion = 9.4.1;
						TestTargetID = 92468D6720E983DA00593F5A;
					};
					92468D8620E983E000593F5A = {
						CreatedOnToolsVersion = 9.4.1;
						TestTargetID = 92468D6720E983DA00593F5A;
					};
				};
			};
			buildConfigurationList = 92468D6320E983DA00593F5A /* Build configuration list for PBXProject "d.lvovich" */;
			compatibilityVersion = "Xcode 9.3";
			developmentRegion = en;
			hasScannedForEncodings = 0;
			knownRegions = (
				en,
				Base,
			);
			mainGroup = 92468D5F20E983DA00593F5A;
			productRefGroup = 92468D6920E983DA00593F5A /* Products */;
			projectDirPath = "";
			projectRoot = "";
			targets = (
				92468D6720E983DA00593F5A /* d.lvovich */,
				92468D7B20E983E000593F5A /* d.lvovichTests */,
				92468D8620E983E000593F5A /* d.lvovichUITests */,
			);
		};
/* End PBXProject section */

/* Begin PBXResourcesBuildPhase section */
		92468D6620E983DA00593F5A /* Resources */ = {
			isa = PBXResourcesBuildPhase;
			buildActionMask = 2147483647;
			files = (
				92468D7620E983E000593F5A /* LaunchScreen.storyboard in Resources */,
				92468D7320E983E000593F5A /* Assets.xcassets in Resources */,
			);
			runOnlyForDeploymentPostprocessing = 0;
		};
		92468D7A20E983E000593F5A /* Resources */ = {
			isa = PBXResourcesBuildPhase;
			buildActionMask = 2147483647;
			files = (
			);
			runOnlyForDeploymentPostprocessing = 0;
		};
		92468D8520E983E000593F5A /* Resources */ = {
			isa = PBXResourcesBuildPhase;
			buildActionMask = 2147483647;
			files = (
			);
			runOnlyForDeploymentPostprocessing = 0;
		};
/* End PBXResourcesBuildPhase section */

/* Begin PBXShellScriptBuildPhase section */
		35C68D8A4E53ADAFBE9B178C /* [CP] Check Pods Manifest.lock */ = {
			isa = PBXShellScriptBuildPhase;
			buildActionMask = 2147483647;
			files = (
			);
			inputPaths = (
				"${PODS_PODFILE_DIR_PATH}/Podfile.lock",
				"${PODS_ROOT}/Manifest.lock",
			);
			name = "[CP] Check Pods Manifest.lock";
			outputPaths = (
				"$(DERIVED_FILE_DIR)/Pods-d.lvovich-checkManifestLockResult.txt",
			);
			runOnlyForDeploymentPostprocessing = 0;
			shellPath = /bin/sh;
			shellScript = "diff \"${PODS_PODFILE_DIR_PATH}/Podfile.lock\" \"${PODS_ROOT}/Manifest.lock\" > /dev/null\nif [ $? != 0 ] ; then\n    # print error to STDERR\n    echo \"error: The sandbox is not in sync with the Podfile.lock. Run 'pod install' or update your CocoaPods installation.\" >&2\n    exit 1\nfi\n# This output is used by Xcode 'outputs' to avoid re-running this script phase.\necho \"SUCCESS\" > \"${SCRIPT_OUTPUT_FILE_0}\"\n";
			showEnvVarsInLog = 0;
		};
		92FB356E20EBE8AD00D66C2D /* ShellScript */ = {
			isa = PBXShellScriptBuildPhase;
			buildActionMask = 2147483647;
			files = (
			);
			inputPaths = (
			);
			outputPaths = (
			);
			runOnlyForDeploymentPostprocessing = 0;
			shellPath = /bin/sh;
			shellScript = "if which swiftlint >/dev/null; then\nswiftlint\nelse\necho \"warning: SwiftLint not installed, download from https://github.com/realm/SwiftLint\"\nfi";
		};
		A0F5DFC70149BEB11746D543 /* [CP] Embed Pods Frameworks */ = {
			isa = PBXShellScriptBuildPhase;
			buildActionMask = 2147483647;
			files = (
			);
			inputPaths = (
				"${SRCROOT}/Pods/Target Support Files/Pods-d.lvovich/Pods-d.lvovich-frameworks.sh",
				"${BUILT_PRODUCTS_DIR}/Alamofire/Alamofire.framework",
			);
			name = "[CP] Embed Pods Frameworks";
			outputPaths = (
				"${TARGET_BUILD_DIR}/${FRAMEWORKS_FOLDER_PATH}/Alamofire.framework",
			);
			runOnlyForDeploymentPostprocessing = 0;
			shellPath = /bin/sh;
			shellScript = "\"${SRCROOT}/Pods/Target Support Files/Pods-d.lvovich/Pods-d.lvovich-frameworks.sh\"\n";
			showEnvVarsInLog = 0;
		};
		D9344E2E4DE0CC77B6A7C0EC /* [CP] Embed Pods Frameworks */ = {
			isa = PBXShellScriptBuildPhase;
			buildActionMask = 2147483647;
			files = (
			);
			inputPaths = (
				"${SRCROOT}/Pods/Target Support Files/Pods-d.lvovichUITests/Pods-d.lvovichUITests-frameworks.sh",
				"${BUILT_PRODUCTS_DIR}/Alamofire/Alamofire.framework",
			);
			name = "[CP] Embed Pods Frameworks";
			outputPaths = (
				"${TARGET_BUILD_DIR}/${FRAMEWORKS_FOLDER_PATH}/Alamofire.framework",
			);
			runOnlyForDeploymentPostprocessing = 0;
			shellPath = /bin/sh;
			shellScript = "\"${SRCROOT}/Pods/Target Support Files/Pods-d.lvovichUITests/Pods-d.lvovichUITests-frameworks.sh\"\n";
			showEnvVarsInLog = 0;
		};
		E38FF2D04DB52C6131ADE590 /* [CP] Embed Pods Frameworks */ = {
			isa = PBXShellScriptBuildPhase;
			buildActionMask = 2147483647;
			files = (
			);
			inputPaths = (
				"${SRCROOT}/Pods/Target Support Files/Pods-d.lvovichTests/Pods-d.lvovichTests-frameworks.sh",
				"${BUILT_PRODUCTS_DIR}/Alamofire/Alamofire.framework",
			);
			name = "[CP] Embed Pods Frameworks";
			outputPaths = (
				"${TARGET_BUILD_DIR}/${FRAMEWORKS_FOLDER_PATH}/Alamofire.framework",
			);
			runOnlyForDeploymentPostprocessing = 0;
			shellPath = /bin/sh;
			shellScript = "\"${SRCROOT}/Pods/Target Support Files/Pods-d.lvovichTests/Pods-d.lvovichTests-frameworks.sh\"\n";
			showEnvVarsInLog = 0;
		};
		E47E815FE29AB1877A650E4E /* [CP] Check Pods Manifest.lock */ = {
			isa = PBXShellScriptBuildPhase;
			buildActionMask = 2147483647;
			files = (
			);
			inputPaths = (
				"${PODS_PODFILE_DIR_PATH}/Podfile.lock",
				"${PODS_ROOT}/Manifest.lock",
			);
			name = "[CP] Check Pods Manifest.lock";
			outputPaths = (
				"$(DERIVED_FILE_DIR)/Pods-d.lvovichUITests-checkManifestLockResult.txt",
			);
			runOnlyForDeploymentPostprocessing = 0;
			shellPath = /bin/sh;
			shellScript = "diff \"${PODS_PODFILE_DIR_PATH}/Podfile.lock\" \"${PODS_ROOT}/Manifest.lock\" > /dev/null\nif [ $? != 0 ] ; then\n    # print error to STDERR\n    echo \"error: The sandbox is not in sync with the Podfile.lock. Run 'pod install' or update your CocoaPods installation.\" >&2\n    exit 1\nfi\n# This output is used by Xcode 'outputs' to avoid re-running this script phase.\necho \"SUCCESS\" > \"${SCRIPT_OUTPUT_FILE_0}\"\n";
			showEnvVarsInLog = 0;
		};
		EC7F5C049A04EA2D4E1324FA /* [CP] Check Pods Manifest.lock */ = {
			isa = PBXShellScriptBuildPhase;
			buildActionMask = 2147483647;
			files = (
			);
			inputPaths = (
				"${PODS_PODFILE_DIR_PATH}/Podfile.lock",
				"${PODS_ROOT}/Manifest.lock",
			);
			name = "[CP] Check Pods Manifest.lock";
			outputPaths = (
				"$(DERIVED_FILE_DIR)/Pods-d.lvovichTests-checkManifestLockResult.txt",
			);
			runOnlyForDeploymentPostprocessing = 0;
			shellPath = /bin/sh;
			shellScript = "diff \"${PODS_PODFILE_DIR_PATH}/Podfile.lock\" \"${PODS_ROOT}/Manifest.lock\" > /dev/null\nif [ $? != 0 ] ; then\n    # print error to STDERR\n    echo \"error: The sandbox is not in sync with the Podfile.lock. Run 'pod install' or update your CocoaPods installation.\" >&2\n    exit 1\nfi\n# This output is used by Xcode 'outputs' to avoid re-running this script phase.\necho \"SUCCESS\" > \"${SCRIPT_OUTPUT_FILE_0}\"\n";
			showEnvVarsInLog = 0;
		};
/* End PBXShellScriptBuildPhase section */

/* Begin PBXSourcesBuildPhase section */
		92468D6420E983DA00593F5A /* Sources */ = {
			isa = PBXSourcesBuildPhase;
			buildActionMask = 2147483647;
			files = (
				927F7F7520EEB8A800EBB129 /* RequestFactory.swift in Sources */,
				92C0566720EE6B35006D48ED /* AbstractRequestFactory.swift in Sources */,
				92468D6C20E983DB00593F5A /* AppDelegate.swift in Sources */,
				92C0566920EE6BF7006D48ED /* RequestRouter.swift in Sources */,
				92F739FD20F39ABB0043CCAF /* BaseConfig.swift in Sources */,
				92C0566D20EE6D8D006D48ED /* LoginResult + User.swift in Sources */,
				927F7F7320EEB83100EBB129 /* Auth.swift in Sources */,
				92C0566F20EF7741006D48ED /* ProfileData.swift in Sources */,
				927F7F7020EEB7B900EBB129 /* AuthRequestFactory.swift in Sources */,
				9265A50920EE5AAF005813C9 /* ErrorParser.swift in Sources */,
				9265A50620EE5A3C005813C9 /* AbstractErrorParser.swift in Sources */,
				9265422020F4239000989B3A /* ProfileRequestFactory.swift in Sources */,
				92C0567320EFAA89006D48ED /* RequestResult.swift in Sources */,
				92C0566520EE671B006D48ED /* DataRequest.swift in Sources */,
				92C0567120EFA7BB006D48ED /* RegResult + UserProfile.swift in Sources */,
			);
			runOnlyForDeploymentPostprocessing = 0;
		};
		92468D7820E983E000593F5A /* Sources */ = {
			isa = PBXSourcesBuildPhase;
			buildActionMask = 2147483647;
			files = (
				92468D8120E983E000593F5A /* d_lvovichTests.swift in Sources */,
			);
			runOnlyForDeploymentPostprocessing = 0;
		};
		92468D8320E983E000593F5A /* Sources */ = {
			isa = PBXSourcesBuildPhase;
			buildActionMask = 2147483647;
			files = (
				92468D8C20E983E000593F5A /* d_lvovichUITests.swift in Sources */,
			);
			runOnlyForDeploymentPostprocessing = 0;
		};
/* End PBXSourcesBuildPhase section */

/* Begin PBXTargetDependency section */
		92468D7E20E983E000593F5A /* PBXTargetDependency */ = {
			isa = PBXTargetDependency;
			target = 92468D6720E983DA00593F5A /* d.lvovich */;
			targetProxy = 92468D7D20E983E000593F5A /* PBXContainerItemProxy */;
		};
		92468D8920E983E000593F5A /* PBXTargetDependency */ = {
			isa = PBXTargetDependency;
			target = 92468D6720E983DA00593F5A /* d.lvovich */;
			targetProxy = 92468D8820E983E000593F5A /* PBXContainerItemProxy */;
		};
/* End PBXTargetDependency section */

/* Begin PBXVariantGroup section */
		92468D7420E983E000593F5A /* LaunchScreen.storyboard */ = {
			isa = PBXVariantGroup;
			children = (
				92468D7520E983E000593F5A /* Base */,
			);
			name = LaunchScreen.storyboard;
			sourceTree = "<group>";
		};
/* End PBXVariantGroup section */

/* Begin XCBuildConfiguration section */
		92468D8E20E983E000593F5A /* Debug */ = {
			isa = XCBuildConfiguration;
			buildSettings = {
				ALWAYS_SEARCH_USER_PATHS = NO;
				CLANG_ANALYZER_NONNULL = YES;
				CLANG_ANALYZER_NUMBER_OBJECT_CONVERSION = YES_AGGRESSIVE;
				CLANG_CXX_LANGUAGE_STANDARD = "gnu++14";
				CLANG_CXX_LIBRARY = "libc++";
				CLANG_ENABLE_MODULES = YES;
				CLANG_ENABLE_OBJC_ARC = YES;
				CLANG_ENABLE_OBJC_WEAK = YES;
				CLANG_WARN_BLOCK_CAPTURE_AUTORELEASING = YES;
				CLANG_WARN_BOOL_CONVERSION = YES;
				CLANG_WARN_COMMA = YES;
				CLANG_WARN_CONSTANT_CONVERSION = YES;
				CLANG_WARN_DEPRECATED_OBJC_IMPLEMENTATIONS = YES;
				CLANG_WARN_DIRECT_OBJC_ISA_USAGE = YES_ERROR;
				CLANG_WARN_DOCUMENTATION_COMMENTS = YES;
				CLANG_WARN_EMPTY_BODY = YES;
				CLANG_WARN_ENUM_CONVERSION = YES;
				CLANG_WARN_INFINITE_RECURSION = YES;
				CLANG_WARN_INT_CONVERSION = YES;
				CLANG_WARN_NON_LITERAL_NULL_CONVERSION = YES;
				CLANG_WARN_OBJC_IMPLICIT_RETAIN_SELF = YES;
				CLANG_WARN_OBJC_LITERAL_CONVERSION = YES;
				CLANG_WARN_OBJC_ROOT_CLASS = YES_ERROR;
				CLANG_WARN_RANGE_LOOP_ANALYSIS = YES;
				CLANG_WARN_STRICT_PROTOTYPES = YES;
				CLANG_WARN_SUSPICIOUS_MOVE = YES;
				CLANG_WARN_UNGUARDED_AVAILABILITY = YES_AGGRESSIVE;
				CLANG_WARN_UNREACHABLE_CODE = YES;
				CLANG_WARN__DUPLICATE_METHOD_MATCH = YES;
				CODE_SIGN_IDENTITY = "iPhone Developer";
				COPY_PHASE_STRIP = NO;
				DEBUG_INFORMATION_FORMAT = dwarf;
				ENABLE_STRICT_OBJC_MSGSEND = YES;
				ENABLE_TESTABILITY = YES;
				GCC_C_LANGUAGE_STANDARD = gnu11;
				GCC_DYNAMIC_NO_PIC = NO;
				GCC_NO_COMMON_BLOCKS = YES;
				GCC_OPTIMIZATION_LEVEL = 0;
				GCC_PREPROCESSOR_DEFINITIONS = (
					"DEBUG=1",
					"$(inherited)",
				);
				GCC_WARN_64_TO_32_BIT_CONVERSION = YES;
				GCC_WARN_ABOUT_RETURN_TYPE = YES_ERROR;
				GCC_WARN_UNDECLARED_SELECTOR = YES;
				GCC_WARN_UNINITIALIZED_AUTOS = YES_AGGRESSIVE;
				GCC_WARN_UNUSED_FUNCTION = YES;
				GCC_WARN_UNUSED_VARIABLE = YES;
				IPHONEOS_DEPLOYMENT_TARGET = 11.4;
				MTL_ENABLE_DEBUG_INFO = YES;
				ONLY_ACTIVE_ARCH = YES;
				SDKROOT = iphoneos;
				SWIFT_ACTIVE_COMPILATION_CONDITIONS = DEBUG;
				SWIFT_OPTIMIZATION_LEVEL = "-Onone";
			};
			name = Debug;
		};
		92468D8F20E983E000593F5A /* Release */ = {
			isa = XCBuildConfiguration;
			buildSettings = {
				ALWAYS_SEARCH_USER_PATHS = NO;
				CLANG_ANALYZER_NONNULL = YES;
				CLANG_ANALYZER_NUMBER_OBJECT_CONVERSION = YES_AGGRESSIVE;
				CLANG_CXX_LANGUAGE_STANDARD = "gnu++14";
				CLANG_CXX_LIBRARY = "libc++";
				CLANG_ENABLE_MODULES = YES;
				CLANG_ENABLE_OBJC_ARC = YES;
				CLANG_ENABLE_OBJC_WEAK = YES;
				CLANG_WARN_BLOCK_CAPTURE_AUTORELEASING = YES;
				CLANG_WARN_BOOL_CONVERSION = YES;
				CLANG_WARN_COMMA = YES;
				CLANG_WARN_CONSTANT_CONVERSION = YES;
				CLANG_WARN_DEPRECATED_OBJC_IMPLEMENTATIONS = YES;
				CLANG_WARN_DIRECT_OBJC_ISA_USAGE = YES_ERROR;
				CLANG_WARN_DOCUMENTATION_COMMENTS = YES;
				CLANG_WARN_EMPTY_BODY = YES;
				CLANG_WARN_ENUM_CONVERSION = YES;
				CLANG_WARN_INFINITE_RECURSION = YES;
				CLANG_WARN_INT_CONVERSION = YES;
				CLANG_WARN_NON_LITERAL_NULL_CONVERSION = YES;
				CLANG_WARN_OBJC_IMPLICIT_RETAIN_SELF = YES;
				CLANG_WARN_OBJC_LITERAL_CONVERSION = YES;
				CLANG_WARN_OBJC_ROOT_CLASS = YES_ERROR;
				CLANG_WARN_RANGE_LOOP_ANALYSIS = YES;
				CLANG_WARN_STRICT_PROTOTYPES = YES;
				CLANG_WARN_SUSPICIOUS_MOVE = YES;
				CLANG_WARN_UNGUARDED_AVAILABILITY = YES_AGGRESSIVE;
				CLANG_WARN_UNREACHABLE_CODE = YES;
				CLANG_WARN__DUPLICATE_METHOD_MATCH = YES;
				CODE_SIGN_IDENTITY = "iPhone Developer";
				COPY_PHASE_STRIP = NO;
				DEBUG_INFORMATION_FORMAT = "dwarf-with-dsym";
				ENABLE_NS_ASSERTIONS = NO;
				ENABLE_STRICT_OBJC_MSGSEND = YES;
				GCC_C_LANGUAGE_STANDARD = gnu11;
				GCC_NO_COMMON_BLOCKS = YES;
				GCC_WARN_64_TO_32_BIT_CONVERSION = YES;
				GCC_WARN_ABOUT_RETURN_TYPE = YES_ERROR;
				GCC_WARN_UNDECLARED_SELECTOR = YES;
				GCC_WARN_UNINITIALIZED_AUTOS = YES_AGGRESSIVE;
				GCC_WARN_UNUSED_FUNCTION = YES;
				GCC_WARN_UNUSED_VARIABLE = YES;
				IPHONEOS_DEPLOYMENT_TARGET = 11.4;
				MTL_ENABLE_DEBUG_INFO = NO;
				SDKROOT = iphoneos;
				SWIFT_COMPILATION_MODE = wholemodule;
				SWIFT_OPTIMIZATION_LEVEL = "-O";
				VALIDATE_PRODUCT = YES;
			};
			name = Release;
		};
		92468D9120E983E000593F5A /* Debug */ = {
			isa = XCBuildConfiguration;
			baseConfigurationReference = 70CBD5F1587773C11277C0B5 /* Pods-d.lvovich.debug.xcconfig */;
			buildSettings = {
				ASSETCATALOG_COMPILER_APPICON_NAME = AppIcon;
				CODE_SIGN_STYLE = Automatic;
				DEVELOPMENT_TEAM = Y6G74A59K6;
				INFOPLIST_FILE = "$(SRCROOT)/d.lvovich/Environments/Info.plist";
				IPHONEOS_DEPLOYMENT_TARGET = 11.0;
				LD_RUNPATH_SEARCH_PATHS = (
					"$(inherited)",
					"@executable_path/Frameworks",
				);
				PRODUCT_BUNDLE_IDENTIFIER = "ru.techranch.d-lvovich";
				PRODUCT_NAME = "$(TARGET_NAME)";
				SWIFT_VERSION = 4.0;
				TARGETED_DEVICE_FAMILY = "1,2";
			};
			name = Debug;
		};
		92468D9220E983E000593F5A /* Release */ = {
			isa = XCBuildConfiguration;
			baseConfigurationReference = 03AC0C169CF70B21CB502084 /* Pods-d.lvovich.release.xcconfig */;
			buildSettings = {
				ASSETCATALOG_COMPILER_APPICON_NAME = AppIcon;
				CODE_SIGN_STYLE = Automatic;
				DEVELOPMENT_TEAM = Y6G74A59K6;
				INFOPLIST_FILE = "$(SRCROOT)/d.lvovich/Environments/Info.plist";
				IPHONEOS_DEPLOYMENT_TARGET = 11.0;
				LD_RUNPATH_SEARCH_PATHS = (
					"$(inherited)",
					"@executable_path/Frameworks",
				);
				PRODUCT_BUNDLE_IDENTIFIER = "ru.techranch.d-lvovich";
				PRODUCT_NAME = "$(TARGET_NAME)";
				SWIFT_VERSION = 4.0;
				TARGETED_DEVICE_FAMILY = "1,2";
			};
			name = Release;
		};
		92468D9420E983E000593F5A /* Debug */ = {
			isa = XCBuildConfiguration;
			baseConfigurationReference = 8C0BF4ED88BD6724E4D1259E /* Pods-d.lvovichTests.debug.xcconfig */;
			buildSettings = {
				BUNDLE_LOADER = "$(TEST_HOST)";
				CODE_SIGN_STYLE = Automatic;
				DEVELOPMENT_TEAM = Y6G74A59K6;
				INFOPLIST_FILE = d.lvovichTests/Info.plist;
				LD_RUNPATH_SEARCH_PATHS = (
					"$(inherited)",
					"@executable_path/Frameworks",
					"@loader_path/Frameworks",
				);
				PRODUCT_BUNDLE_IDENTIFIER = "ru.techranch.d-lvovichTests";
				PRODUCT_NAME = "$(TARGET_NAME)";
				SWIFT_VERSION = 4.0;
				TARGETED_DEVICE_FAMILY = "1,2";
				TEST_HOST = "$(BUILT_PRODUCTS_DIR)/d.lvovich.app/d.lvovich";
			};
			name = Debug;
		};
		92468D9520E983E000593F5A /* Release */ = {
			isa = XCBuildConfiguration;
			baseConfigurationReference = 658045AC85EC8C9645995DAC /* Pods-d.lvovichTests.release.xcconfig */;
			buildSettings = {
				BUNDLE_LOADER = "$(TEST_HOST)";
				CODE_SIGN_STYLE = Automatic;
				DEVELOPMENT_TEAM = Y6G74A59K6;
				INFOPLIST_FILE = d.lvovichTests/Info.plist;
				LD_RUNPATH_SEARCH_PATHS = (
					"$(inherited)",
					"@executable_path/Frameworks",
					"@loader_path/Frameworks",
				);
				PRODUCT_BUNDLE_IDENTIFIER = "ru.techranch.d-lvovichTests";
				PRODUCT_NAME = "$(TARGET_NAME)";
				SWIFT_VERSION = 4.0;
				TARGETED_DEVICE_FAMILY = "1,2";
				TEST_HOST = "$(BUILT_PRODUCTS_DIR)/d.lvovich.app/d.lvovich";
			};
			name = Release;
		};
		92468D9720E983E000593F5A /* Debug */ = {
			isa = XCBuildConfiguration;
			baseConfigurationReference = 047C23F9F741C3DF57A01CB2 /* Pods-d.lvovichUITests.debug.xcconfig */;
			buildSettings = {
				CODE_SIGN_STYLE = Automatic;
				DEVELOPMENT_TEAM = Y6G74A59K6;
				INFOPLIST_FILE = d.lvovichUITests/Info.plist;
				LD_RUNPATH_SEARCH_PATHS = (
					"$(inherited)",
					"@executable_path/Frameworks",
					"@loader_path/Frameworks",
				);
				PRODUCT_BUNDLE_IDENTIFIER = "ru.techranch.d-lvovichUITests";
				PRODUCT_NAME = "$(TARGET_NAME)";
				SWIFT_VERSION = 4.0;
				TARGETED_DEVICE_FAMILY = "1,2";
				TEST_TARGET_NAME = d.lvovich;
			};
			name = Debug;
		};
		92468D9820E983E000593F5A /* Release */ = {
			isa = XCBuildConfiguration;
			baseConfigurationReference = F593522C946B63185A16E4B6 /* Pods-d.lvovichUITests.release.xcconfig */;
			buildSettings = {
				CODE_SIGN_STYLE = Automatic;
				DEVELOPMENT_TEAM = Y6G74A59K6;
				INFOPLIST_FILE = d.lvovichUITests/Info.plist;
				LD_RUNPATH_SEARCH_PATHS = (
					"$(inherited)",
					"@executable_path/Frameworks",
					"@loader_path/Frameworks",
				);
				PRODUCT_BUNDLE_IDENTIFIER = "ru.techranch.d-lvovichUITests";
				PRODUCT_NAME = "$(TARGET_NAME)";
				SWIFT_VERSION = 4.0;
				TARGETED_DEVICE_FAMILY = "1,2";
				TEST_TARGET_NAME = d.lvovich;
			};
			name = Release;
		};
/* End XCBuildConfiguration section */

/* Begin XCConfigurationList section */
		92468D6320E983DA00593F5A /* Build configuration list for PBXProject "d.lvovich" */ = {
			isa = XCConfigurationList;
			buildConfigurations = (
				92468D8E20E983E000593F5A /* Debug */,
				92468D8F20E983E000593F5A /* Release */,
			);
			defaultConfigurationIsVisible = 0;
			defaultConfigurationName = Release;
		};
		92468D9020E983E000593F5A /* Build configuration list for PBXNativeTarget "d.lvovich" */ = {
			isa = XCConfigurationList;
			buildConfigurations = (
				92468D9120E983E000593F5A /* Debug */,
				92468D9220E983E000593F5A /* Release */,
			);
			defaultConfigurationIsVisible = 0;
			defaultConfigurationName = Release;
		};
		92468D9320E983E000593F5A /* Build configuration list for PBXNativeTarget "d.lvovichTests" */ = {
			isa = XCConfigurationList;
			buildConfigurations = (
				92468D9420E983E000593F5A /* Debug */,
				92468D9520E983E000593F5A /* Release */,
			);
			defaultConfigurationIsVisible = 0;
			defaultConfigurationName = Release;
		};
		92468D9620E983E000593F5A /* Build configuration list for PBXNativeTarget "d.lvovichUITests" */ = {
			isa = XCConfigurationList;
			buildConfigurations = (
				92468D9720E983E000593F5A /* Debug */,
				92468D9820E983E000593F5A /* Release */,
			);
			defaultConfigurationIsVisible = 0;
			defaultConfigurationName = Release;
		};
/* End XCConfigurationList section */
	};
	rootObject = 92468D6020E983DA00593F5A /* Project object */;
}
